
Microsoft Visual Studio Solution File, Format Version 12.00
# Visual Studio 15
VisualStudioVersion = 15.0.27428.2005
MinimumVisualStudioVersion = 10.0.40219.1
Project("{8BC9CEB8-8B4A-11D0-8D11-00A0C91BC942}") = "range", "range\range.vcxproj", "{209098D9-0A9B-43A9-AA80-4C62213EAD79}"
EndProject
Project("{8BC9CEB8-8B4A-11D0-8D11-00A0C91BC942}") = "function", "function\function.vcxproj", "{E7CF5B44-EEB1-41A6-9D85-C862501D3252}"
EndProject
Project("{8BC9CEB8-8B4A-11D0-8D11-00A0C91BC942}") = "template", "template\template.vcxproj", "{08FD467E-7177-4BFE-BB85-F61E2B0ADBE4}"
EndProject
Project("{8BC9CEB8-8B4A-11D0-8D11-00A0C91BC942}") = "optional", "optional\optional.vcxproj", "{DD77CECD-5FE5-4166-A150-B53CD0EBB2A4}"
EndProject
Project("{8BC9CEB8-8B4A-11D0-8D11-00A0C91BC942}") = "dynamiclib", "dynamiclib\dynamiclib.vcxproj", "{87331FA9-D4BA-4E1D-BFB1-19C678E0D9C5}"
EndProject
Project("{8BC9CEB8-8B4A-11D0-8D11-00A0C91BC942}") = "MyDll", "MyDll\MyDll.vcxproj", "{B75C130F-2AA8-41D3-8BED-83989C4129B1}"
EndProject
Project("{2150E333-8FDC-42A3-9474-1A3956D46DE8}") = "DllLoader", "DllLoader", "{B09F8527-FFF9-4A0A-9C8F-DA6A02CF3BBF}"
EndProject
Project("{8BC9CEB8-8B4A-11D0-8D11-00A0C91BC942}") = "any", "any\any.vcxproj", "{F6D0CF6F-900F-4AD0-BD03-4377391903CC}"
EndProject
Project("{8BC9CEB8-8B4A-11D0-8D11-00A0C91BC942}") = "Events", "Events\Events.vcxproj", "{0C75089F-0051-4D42-A833-A09F319D94F1}"
EndProject
Project("{8BC9CEB8-8B4A-11D0-8D11-00A0C91BC942}") = "ThreadPool", "ThreadPool\ThreadPool.vcxproj", "{FE1BAB4D-77BE-49D8-89EF-CD0D8B3B27FB}"
EndProject
Global
	GlobalSection(SolutionConfigurationPlatforms) = preSolution
		Debug|x64 = Debug|x64
		Debug|x86 = Debug|x86
		Release|x64 = Release|x64
		Release|x86 = Release|x86
	EndGlobalSection
	GlobalSection(ProjectConfigurationPlatforms) = postSolution
		{209098D9-0A9B-43A9-AA80-4C62213EAD79}.Debug|x64.ActiveCfg = Debug|x64
		{209098D9-0A9B-43A9-AA80-4C62213EAD79}.Debug|x64.Build.0 = Debug|x64
		{209098D9-0A9B-43A9-AA80-4C62213EAD79}.Debug|x86.ActiveCfg = Debug|Win32
		{209098D9-0A9B-43A9-AA80-4C62213EAD79}.Debug|x86.Build.0 = Debug|Win32
		{209098D9-0A9B-43A9-AA80-4C62213EAD79}.Release|x64.ActiveCfg = Release|x64
		{209098D9-0A9B-43A9-AA80-4C62213EAD79}.Release|x64.Build.0 = Release|x64
		{209098D9-0A9B-43A9-AA80-4C62213EAD79}.Release|x86.ActiveCfg = Release|Win32
		{209098D9-0A9B-43A9-AA80-4C62213EAD79}.Release|x86.Build.0 = Release|Win32
		{E7CF5B44-EEB1-41A6-9D85-C862501D3252}.Debug|x64.ActiveCfg = Debug|x64
		{E7CF5B44-EEB1-41A6-9D85-C862501D3252}.Debug|x64.Build.0 = Debug|x64
		{E7CF5B44-EEB1-41A6-9D85-C862501D3252}.Debug|x86.ActiveCfg = Debug|Win32
		{E7CF5B44-EEB1-41A6-9D85-C862501D3252}.Debug|x86.Build.0 = Debug|Win32
		{E7CF5B44-EEB1-41A6-9D85-C862501D3252}.Release|x64.ActiveCfg = Release|x64
		{E7CF5B44-EEB1-41A6-9D85-C862501D3252}.Release|x64.Build.0 = Release|x64
		{E7CF5B44-EEB1-41A6-9D85-C862501D3252}.Release|x86.ActiveCfg = Release|Win32
		{E7CF5B44-EEB1-41A6-9D85-C862501D3252}.Release|x86.Build.0 = Release|Win32
		{08FD467E-7177-4BFE-BB85-F61E2B0ADBE4}.Debug|x64.ActiveCfg = Debug|x64
		{08FD467E-7177-4BFE-BB85-F61E2B0ADBE4}.Debug|x64.Build.0 = Debug|x64
		{08FD467E-7177-4BFE-BB85-F61E2B0ADBE4}.Debug|x86.ActiveCfg = Debug|Win32
		{08FD467E-7177-4BFE-BB85-F61E2B0ADBE4}.Debug|x86.Build.0 = Debug|Win32
		{08FD467E-7177-4BFE-BB85-F61E2B0ADBE4}.Release|x64.ActiveCfg = Release|x64
		{08FD467E-7177-4BFE-BB85-F61E2B0ADBE4}.Release|x64.Build.0 = Release|x64
		{08FD467E-7177-4BFE-BB85-F61E2B0ADBE4}.Release|x86.ActiveCfg = Release|Win32
		{08FD467E-7177-4BFE-BB85-F61E2B0ADBE4}.Release|x86.Build.0 = Release|Win32
		{DD77CECD-5FE5-4166-A150-B53CD0EBB2A4}.Debug|x64.ActiveCfg = Debug|x64
		{DD77CECD-5FE5-4166-A150-B53CD0EBB2A4}.Debug|x64.Build.0 = Debug|x64
		{DD77CECD-5FE5-4166-A150-B53CD0EBB2A4}.Debug|x86.ActiveCfg = Debug|Win32
		{DD77CECD-5FE5-4166-A150-B53CD0EBB2A4}.Debug|x86.Build.0 = Debug|Win32
		{DD77CECD-5FE5-4166-A150-B53CD0EBB2A4}.Release|x64.ActiveCfg = Release|x64
		{DD77CECD-5FE5-4166-A150-B53CD0EBB2A4}.Release|x64.Build.0 = Release|x64
		{DD77CECD-5FE5-4166-A150-B53CD0EBB2A4}.Release|x86.ActiveCfg = Release|Win32
		{DD77CECD-5FE5-4166-A150-B53CD0EBB2A4}.Release|x86.Build.0 = Release|Win32
		{87331FA9-D4BA-4E1D-BFB1-19C678E0D9C5}.Debug|x64.ActiveCfg = Debug|x64
		{87331FA9-D4BA-4E1D-BFB1-19C678E0D9C5}.Debug|x64.Build.0 = Debug|x64
		{87331FA9-D4BA-4E1D-BFB1-19C678E0D9C5}.Debug|x86.ActiveCfg = Debug|Win32
		{87331FA9-D4BA-4E1D-BFB1-19C678E0D9C5}.Debug|x86.Build.0 = Debug|Win32
		{87331FA9-D4BA-4E1D-BFB1-19C678E0D9C5}.Release|x64.ActiveCfg = Release|x64
		{87331FA9-D4BA-4E1D-BFB1-19C678E0D9C5}.Release|x64.Build.0 = Release|x64
		{87331FA9-D4BA-4E1D-BFB1-19C678E0D9C5}.Release|x86.ActiveCfg = Release|Win32
		{87331FA9-D4BA-4E1D-BFB1-19C678E0D9C5}.Release|x86.Build.0 = Release|Win32
		{B75C130F-2AA8-41D3-8BED-83989C4129B1}.Debug|x64.ActiveCfg = Debug|x64
		{B75C130F-2AA8-41D3-8BED-83989C4129B1}.Debug|x64.Build.0 = Debug|x64
		{B75C130F-2AA8-41D3-8BED-83989C4129B1}.Debug|x86.ActiveCfg = Debug|Win32
		{B75C130F-2AA8-41D3-8BED-83989C4129B1}.Debug|x86.Build.0 = Debug|Win32
		{B75C130F-2AA8-41D3-8BED-83989C4129B1}.Release|x64.ActiveCfg = Release|x64
		{B75C130F-2AA8-41D3-8BED-83989C4129B1}.Release|x64.Build.0 = Release|x64
		{B75C130F-2AA8-41D3-8BED-83989C4129B1}.Release|x86.ActiveCfg = Release|Win32
		{B75C130F-2AA8-41D3-8BED-83989C4129B1}.Release|x86.Build.0 = Release|Win32
		{F6D0CF6F-900F-4AD0-BD03-4377391903CC}.Debug|x64.ActiveCfg = Debug|x64
		{F6D0CF6F-900F-4AD0-BD03-4377391903CC}.Debug|x64.Build.0 = Debug|x64
		{F6D0CF6F-900F-4AD0-BD03-4377391903CC}.Debug|x86.ActiveCfg = Debug|Win32
		{F6D0CF6F-900F-4AD0-BD03-4377391903CC}.Debug|x86.Build.0 = Debug|Win32
		{F6D0CF6F-900F-4AD0-BD03-4377391903CC}.Release|x64.ActiveCfg = Release|x64
		{F6D0CF6F-900F-4AD0-BD03-4377391903CC}.Release|x64.Build.0 = Release|x64
		{F6D0CF6F-900F-4AD0-BD03-4377391903CC}.Release|x86.ActiveCfg = Release|Win32
		{F6D0CF6F-900F-4AD0-BD03-4377391903CC}.Release|x86.Build.0 = Release|Win32
		{0C75089F-0051-4D42-A833-A09F319D94F1}.Debug|x64.ActiveCfg = Debug|x64
		{0C75089F-0051-4D42-A833-A09F319D94F1}.Debug|x64.Build.0 = Debug|x64
		{0C75089F-0051-4D42-A833-A09F319D94F1}.Debug|x86.ActiveCfg = Debug|Win32
		{0C75089F-0051-4D42-A833-A09F319D94F1}.Debug|x86.Build.0 = Debug|Win32
		{0C75089F-0051-4D42-A833-A09F319D94F1}.Release|x64.ActiveCfg = Release|x64
		{0C75089F-0051-4D42-A833-A09F319D94F1}.Release|x64.Build.0 = Release|x64
		{0C75089F-0051-4D42-A833-A09F319D94F1}.Release|x86.ActiveCfg = Release|Win32
		{0C75089F-0051-4D42-A833-A09F319D94F1}.Release|x86.Build.0 = Release|Win32
		{FE1BAB4D-77BE-49D8-89EF-CD0D8B3B27FB}.Debug|x64.ActiveCfg = Debug|x64
		{FE1BAB4D-77BE-49D8-89EF-CD0D8B3B27FB}.Debug|x64.Build.0 = Debug|x64
		{FE1BAB4D-77BE-49D8-89EF-CD0D8B3B27FB}.Debug|x86.ActiveCfg = Debug|Win32
		{FE1BAB4D-77BE-49D8-89EF-CD0D8B3B27FB}.Debug|x86.Build.0 = Debug|Win32
		{FE1BAB4D-77BE-49D8-89EF-CD0D8B3B27FB}.Release|x64.ActiveCfg = Release|x64
		{FE1BAB4D-77BE-49D8-89EF-CD0D8B3B27FB}.Release|x64.Build.0 = Release|x64
		{FE1BAB4D-77BE-49D8-89EF-CD0D8B3B27FB}.Release|x86.ActiveCfg = Release|Win32
		{FE1BAB4D-77BE-49D8-89EF-CD0D8B3B27FB}.Release|x86.Build.0 = Release|Win32
	EndGlobalSection
	GlobalSection(SolutionProperties) = preSolution
		HideSolutionNode = FALSE
	EndGlobalSection
	GlobalSection(NestedProjects) = preSolution
		{87331FA9-D4BA-4E1D-BFB1-19C678E0D9C5} = {B09F8527-FFF9-4A0A-9C8F-DA6A02CF3BBF}
		{B75C130F-2AA8-41D3-8BED-83989C4129B1} = {B09F8527-FFF9-4A0A-9C8F-DA6A02CF3BBF}
	EndGlobalSection
	GlobalSection(ExtensibilityGlobals) = postSolution
		SolutionGuid = {EE167B9A-797E-4105-9E6A-77AA606C44F6}
	EndGlobalSection
EndGlobal
